
Microsoft Visual Studio Solution File, Format Version 12.00
# Visual Studio Version 16
VisualStudioVersion = 16.0.31605.320
MinimumVisualStudioVersion = 10.0.40219.1
Project("{E24C65DC-7377-472B-9ABA-BC803B73C61A}") = "TP_ASP_2", "http://localhost:55504", "{6FD1A14E-EA6C-4D75-8A75-25ECC0A827B9}"
	ProjectSection(WebsiteProperties) = preProject
		UseIISExpress = "true"
		TargetFrameworkMoniker = ".NETFramework,Version%3Dv4.0"
		Debug.AspNetCompiler.VirtualPath = "/localhost_55504"
		Debug.AspNetCompiler.PhysicalPath = "..\..\..\Documents\My Web Sites\TP_ASP_2\"
		Debug.AspNetCompiler.TargetPath = "PrecompiledWeb\localhost_55504\"
		Debug.AspNetCompiler.Updateable = "true"
		Debug.AspNetCompiler.ForceOverwrite = "true"
		Debug.AspNetCompiler.FixedNames = "false"
		Debug.AspNetCompiler.Debug = "True"
		Release.AspNetCompiler.VirtualPath = "/localhost_55504"
		Release.AspNetCompiler.PhysicalPath = "..\..\..\Documents\My Web Sites\TP_ASP_2\"
		Release.AspNetCompiler.TargetPath = "PrecompiledWeb\localhost_55504\"
		Release.AspNetCompiler.Updateable = "true"
		Release.AspNetCompiler.ForceOverwrite = "true"
		Release.AspNetCompiler.FixedNames = "false"
		Release.AspNetCompiler.Debug = "False"
		SlnRelativePath = "..\..\..\Documents\My Web Sites\TP_ASP_2\"
	EndProjectSection
EndProject
Global
	GlobalSection(SolutionConfigurationPlatforms) = preSolution
		Debug|Any CPU = Debug|Any CPU
		Release|Any CPU = Release|Any CPU
	EndGlobalSection
	GlobalSection(ProjectConfigurationPlatforms) = postSolution
		{6FD1A14E-EA6C-4D75-8A75-25ECC0A827B9}.Debug|Any CPU.ActiveCfg = Debug|Any CPU
		{6FD1A14E-EA6C-4D75-8A75-25ECC0A827B9}.Debug|Any CPU.Build.0 = Debug|Any CPU
		{6FD1A14E-EA6C-4D75-8A75-25ECC0A827B9}.Release|Any CPU.ActiveCfg = Debug|Any CPU
		{6FD1A14E-EA6C-4D75-8A75-25ECC0A827B9}.Release|Any CPU.Build.0 = Debug|Any CPU
	EndGlobalSection
	GlobalSection(SolutionProperties) = preSolution
		HideSolutionNode = FALSE
	EndGlobalSection
	GlobalSection(ExtensibilityGlobals) = postSolution
		SolutionGuid = {1C964BAA-7CB0-4174-97D4-ABDC2CCA09DB}
	EndGlobalSection
EndGlobal
